{
  "pins" : [
    {
      "identity" : "nexconn-chat-sdk-ios",
      "kind" : "remoteSourceControl",
      "location" : "https://github.com/NexconnAI-Dev/nexconn-chat-sdk-ios.git",
      "state" : {
        "revision" : "d54c3db34baed9c4ada78aa4d0a47997ce9caa5c",
        "version" : "26.2.2"
      }
    },
    {
      "identity" : "rongcloudim-ios",
      "kind" : "remoteSourceControl",
      "location" : "https://github.com/rongcloud/RongCloudIM-iOS.git",
      "state" : {
        "revision" : "b5f57a51d21ea151b86e9f8557010284ea209f4f",
        "version" : "5.36.4"
      }
    }
  ],
  "version" : 2
}
